// !$*UTF8*$!
{
	archiveVersion = 1;
	classes = {
	};
	objectVersion = 46;
	objects = {

/* Begin PBXFileReference section */
		BE74BFC819FB3BAD00FC909F /* StateMachineCompiler.xcplugin */ = {isa = PBXFileReference; explicitFileType = wrapper.cfbundle; includeInIndex = 0; path = StateMachineCompiler.xcplugin; sourceTree = BUILT_PRODUCTS_DIR; };
		BE74BFCC19FB3BAD00FC909F /* Info.plist */ = {isa = PBXFileReference; lastKnownFileType = text.plist.xml; path = Info.plist; sourceTree = "<group>"; };
/* End PBXFileReference section */

/* Begin PBXFrameworksBuildPhase section */
		BE74BFC519FB3BAD00FC909F /* Frameworks */ = {
			isa = PBXFrameworksBuildPhase;
			buildActionMask = 2147483647;
			files = (
			);
			runOnlyForDeploymentPostprocessing = 0;
		};
/* End PBXFrameworksBuildPhase section */

/* Begin PBXGroup section */
		BE74BFBF19FB3BAD00FC909F = {
			isa = PBXGroup;
			children = (
				BE74BFCA19FB3BAD00FC909F /* StateMachineCompiler */,
				BE74BFC919FB3BAD00FC909F /* Products */,
			);
			sourceTree = "<group>";
		};
		BE74BFC919FB3BAD00FC909F /* Products */ = {
			isa = PBXGroup;
			children = (
				BE74BFC819FB3BAD00FC909F /* StateMachineCompiler.xcplugin */,
			);
			name = Products;
			sourceTree = "<group>";
		};
		BE74BFCA19FB3BAD00FC909F /* StateMachineCompiler */ = {
			isa = PBXGroup;
			children = (
				BE74BFCB19FB3BAD00FC909F /* Supporting Files */,
			);
			path = StateMachineCompiler;
			sourceTree = "<group>";
		};
		BE74BFCB19FB3BAD00FC909F /* Supporting Files */ = {
			isa = PBXGroup;
			children = (
				BE74BFCC19FB3BAD00FC909F /* Info.plist */,
			);
			name = "Supporting Files";
			sourceTree = "<group>";
		};
/* End PBXGroup section */

/* Begin PBXNativeTarget section */
		BE74BFC719FB3BAD00FC909F /* StateMachineCompiler */ = {
			isa = PBXNativeTarget;
			buildConfigurationList = BE74BFCF19FB3BAD00FC909F /* Build configuration list for PBXNativeTarget "StateMachineCompiler" */;
			buildPhases = (
				BE74BFC419FB3BAD00FC909F /* Sources */,
				BE74BFC519FB3BAD00FC909F /* Frameworks */,
				BE74BFC619FB3BAD00FC909F /* Resources */,
			);
			buildRules = (
			);
			dependencies = (
			);
			name = StateMachineCompiler;
			productName = StateMachineCompiler;
			productReference = BE74BFC819FB3BAD00FC909F /* StateMachineCompiler.xcplugin */;
			productType = "com.apple.product-type.bundle";
		};
/* End PBXNativeTarget section */

/* Begin PBXProject section */
		BE74BFC019FB3BAD00FC909F /* Project object */ = {
			isa = PBXProject;
			attributes = {
				LastUpgradeCheck = 0610;
				ORGANIZATIONNAME = Yumemi;
				TargetAttributes = {
					BE74BFC719FB3BAD00FC909F = {
						CreatedOnToolsVersion = 6.1;
					};
				};
			};
			buildConfigurationList = BE74BFC319FB3BAD00FC909F /* Build configuration list for PBXProject "StateMachineCompiler" */;
			compatibilityVersion = "Xcode 3.2";
			developmentRegion = English;
			hasScannedForEncodings = 0;
			knownRegions = (
				en,
			);
			mainGroup = BE74BFBF19FB3BAD00FC909F;
			productRefGroup = BE74BFC919FB3BAD00FC909F /* Products */;
			projectDirPath = "";
			projectRoot = "";
			targets = (
				BE74BFC719FB3BAD00FC909F /* StateMachineCompiler */,
			);
		};
/* End PBXProject section */

/* Begin PBXResourcesBuildPhase section */
		BE74BFC619FB3BAD00FC909F /* Resources */ = {
			isa = PBXResourcesBuildPhase;
			buildActionMask = 2147483647;
			files = (
			);
			runOnlyForDeploymentPostprocessing = 0;
		};
/* End PBXResourcesBuildPhase section */

/* Begin PBXSourcesBuildPhase section */
		BE74BFC419FB3BAD00FC909F /* Sources */ = {
			isa = PBXSourcesBuildPhase;
			buildActionMask = 2147483647;
			files = (
			);
			runOnlyForDeploymentPostprocessing = 0;
		};
/* End PBXSourcesBuildPhase section */

/* Begin XCBuildConfiguration section */
		BE74BFCD19FB3BAD00FC909F /* Debug */ = {
			isa = XCBuildConfiguration;
			buildSettings = {
				ALWAYS_SEARCH_USER_PATHS = NO;
				CLANG_CXX_LANGUAGE_STANDARD = "gnu++0x";
				CLANG_CXX_LIBRARY = "libc++";
				CLANG_ENABLE_MODULES = YES;
				CLANG_ENABLE_OBJC_ARC = YES;
				CLANG_WARN_BOOL_CONVERSION = YES;
				CLANG_WARN_CONSTANT_CONVERSION = YES;
				CLANG_WARN_DIRECT_OBJC_ISA_USAGE = YES_ERROR;
				CLANG_WARN_EMPTY_BODY = YES;
				CLANG_WARN_ENUM_CONVERSION = YES;
				CLANG_WARN_INT_CONVERSION = YES;
				CLANG_WARN_OBJC_ROOT_CLASS = YES_ERROR;
				CLANG_WARN_UNREACHABLE_CODE = YES;
				CLANG_WARN__DUPLICATE_METHOD_MATCH = YES;
				COPY_PHASE_STRIP = NO;
				ENABLE_STRICT_OBJC_MSGSEND = YES;
				GCC_C_LANGUAGE_STANDARD = gnu99;
				GCC_DYNAMIC_NO_PIC = NO;
				GCC_OPTIMIZATION_LEVEL = 0;
				GCC_PREPROCESSOR_DEFINITIONS = (
					"DEBUG=1",
					"$(inherited)",
				);
				GCC_SYMBOLS_PRIVATE_EXTERN = NO;
				GCC_WARN_64_TO_32_BIT_CONVERSION = YES;
				GCC_WARN_ABOUT_RETURN_TYPE = YES_ERROR;
				GCC_WARN_UNDECLARED_SELECTOR = YES;
				GCC_WARN_UNINITIALIZED_AUTOS = YES_AGGRESSIVE;
				GCC_WARN_UNUSED_FUNCTION = YES;
				GCC_WARN_UNUSED_VARIABLE = YES;
				MACOSX_DEPLOYMENT_TARGET = 10.10;
				MTL_ENABLE_DEBUG_INFO = YES;
				ONLY_ACTIVE_ARCH = YES;
				SDKROOT = macosx;
			};
			name = Debug;
		};
		BE74BFCE19FB3BAD00FC909F /* Release */ = {
			isa = XCBuildConfiguration;
			buildSettings = {
				ALWAYS_SEARCH_USER_PATHS = NO;
				CLANG_CXX_LANGUAGE_STANDARD = "gnu++0x";
				CLANG_CXX_LIBRARY = "libc++";
				CLANG_ENABLE_MODULES = YES;
				CLANG_ENABLE_OBJC_ARC = YES;
				CLANG_WARN_BOOL_CONVERSION = YES;
				CLANG_WARN_CONSTANT_CONVERSION = YES;
				CLANG_WARN_DIRECT_OBJC_ISA_USAGE = YES_ERROR;
				CLANG_WARN_EMPTY_BODY = YES;
				CLANG_WARN_ENUM_CONVERSION = YES;
				CLANG_WARN_INT_CONVERSION = YES;
				CLANG_WARN_OBJC_ROOT_CLASS = YES_ERROR;
				CLANG_WARN_UNREACHABLE_CODE = YES;
				CLANG_WARN__DUPLICATE_METHOD_MATCH = YES;
				COPY_PHASE_STRIP = YES;
				DEBUG_INFORMATION_FORMAT = "dwarf-with-dsym";
				ENABLE_NS_ASSERTIONS = NO;
				ENABLE_STRICT_OBJC_MSGSEND = YES;
				GCC_C_LANGUAGE_STANDARD = gnu99;
				GCC_WARN_64_TO_32_BIT_CONVERSION = YES;
				GCC_WARN_ABOUT_RETURN_TYPE = YES_ERROR;
				GCC_WARN_UNDECLARED_SELECTOR = YES;
				GCC_WARN_UNINITIALIZED_AUTOS = YES_AGGRESSIVE;
				GCC_WARN_UNUSED_FUNCTION = YES;
				GCC_WARN_UNUSED_VARIABLE = YES;
				MACOSX_DEPLOYMENT_TARGET = 10.10;
				MTL_ENABLE_DEBUG_INFO = NO;
				SDKROOT = macosx;
			};
			name = Release;
		};
		BE74BFD019FB3BAD00FC909F /* Debug */ = {
			isa = XCBuildConfiguration;
			buildSettings = {
				COMBINE_HIDPI_IMAGES = YES;
				INFOPLIST_FILE = StateMachineCompiler/Info.plist;
				INSTALL_PATH = "$(LOCAL_LIBRARY_DIR)/Bundles";
				PRODUCT_NAME = "$(TARGET_NAME)";
				SKIP_INSTALL = YES;
				WRAPPER_EXTENSION = xcplugin;
			};
			name = Debug;
		};
		BE74BFD119FB3BAD00FC909F /* Release */ = {
			isa = XCBuildConfiguration;
			buildSettings = {
				COMBINE_HIDPI_IMAGES = YES;
				INFOPLIST_FILE = StateMachineCompiler/Info.plist;
				INSTALL_PATH = "$(LOCAL_LIBRARY_DIR)/Bundles";
				PRODUCT_NAME = "$(TARGET_NAME)";
				SKIP_INSTALL = YES;
				WRAPPER_EXTENSION = xcplugin;
			};
			name = Release;
		};
/* End XCBuildConfiguration section */

/* Begin XCConfigurationList section */
		BE74BFC319FB3BAD00FC909F /* Build configuration list for PBXProject "StateMachineCompiler" */ = {
			isa = XCConfigurationList;
			buildConfigurations = (
				BE74BFCD19FB3BAD00FC909F /* Debug */,
				BE74BFCE19FB3BAD00FC909F /* Release */,
			);
			defaultConfigurationIsVisible = 0;
			defaultConfigurationName = Release;
		};
		BE74BFCF19FB3BAD00FC909F /* Build configuration list for PBXNativeTarget "StateMachineCompiler" */ = {
			isa = XCConfigurationList;
			buildConfigurations = (
				BE74BFD019FB3BAD00FC909F /* Debug */,
				BE74BFD119FB3BAD00FC909F /* Release */,
			);
			defaultConfigurationIsVisible = 0;
		};
/* End XCConfigurationList section */
	};
	rootObject = BE74BFC019FB3BAD00FC909F /* Project object */;
}
